
Microsoft Visual Studio Solution File, Format Version 12.00
# Visual Studio Version 16
VisualStudioVersion = 16.0.29926.136
MinimumVisualStudioVersion = 10.0.40219.1
Project("{FAE04EC0-301F-11D3-BF4B-00C04F79EFBC}") = "Snake", "Snake.csproj", "{08EA6637-81D4-4B63-BABC-758C2E70D8D0}"
EndProject
Global
	GlobalSection(SolutionConfigurationPlatforms) = preSolution
		Debug|Any CPU = Debug|Any CPU
		Release|Any CPU = Release|Any CPU
	EndGlobalSection
	GlobalSection(ProjectConfigurationPlatforms) = postSolution
		{08EA6637-81D4-4B63-BABC-758C2E70D8D0}.Debug|Any CPU.ActiveCfg = Debug|Any CPU
		{08EA6637-81D4-4B63-BABC-758C2E70D8D0}.Debug|Any CPU.Build.0 = Debug|Any CPU
		{08EA6637-81D4-4B63-BABC-758C2E70D8D0}.Release|Any CPU.ActiveCfg = Release|Any CPU
		{08EA6637-81D4-4B63-BABC-758C2E70D8D0}.Release|Any CPU.Build.0 = Release|Any CPU
	EndGlobalSection
	GlobalSection(SolutionProperties) = preSolution
		HideSolutionNode = FALSE
	EndGlobalSection
	GlobalSection(ExtensibilityGlobals) = postSolution
		SolutionGuid = {BED6AEF3-4E56-40D9-8421-F21D517D67F6}
	EndGlobalSection
EndGlobal
